
Microsoft Visual Studio Solution File, Format Version 12.00
# Visual Studio Version 17
VisualStudioVersion = 17.8.34309.116
MinimumVisualStudioVersion = 10.0.40219.1
Project("{FAE04EC0-301F-11D3-BF4B-00C04F79EFBC}") = "AdventOfCode2023", "AdventOfCode2023.csproj", "{1FD967FD-F822-449C-B787-AB5EC617B98E}"
EndProject
Global
	GlobalSection(SolutionConfigurationPlatforms) = preSolution
		Debug|Any CPU = Debug|Any CPU
		Release|Any CPU = Release|Any CPU
	EndGlobalSection
	GlobalSection(ProjectConfigurationPlatforms) = postSolution
		{1FD967FD-F822-449C-B787-AB5EC617B98E}.Debug|Any CPU.ActiveCfg = Debug|Any CPU
		{1FD967FD-F822-449C-B787-AB5EC617B98E}.Debug|Any CPU.Build.0 = Debug|Any CPU
		{1FD967FD-F822-449C-B787-AB5EC617B98E}.Release|Any CPU.ActiveCfg = Release|Any CPU
		{1FD967FD-F822-449C-B787-AB5EC617B98E}.Release|Any CPU.Build.0 = Release|Any CPU
	EndGlobalSection
	GlobalSection(SolutionProperties) = preSolution
		HideSolutionNode = FALSE
	EndGlobalSection
	GlobalSection(ExtensibilityGlobals) = postSolution
		SolutionGuid = {DE69633C-3A08-46BB-B745-EF7488F84666}
	EndGlobalSection
EndGlobal
